
Microsoft Visual Studio Solution File, Format Version 12.00
# Visual Studio Version 17
VisualStudioVersion = 17.9.34616.47
MinimumVisualStudioVersion = 10.0.40219.1
Project("{FAE04EC0-301F-11D3-BF4B-00C04F79EFBC}") = "Cookie Cookbook", "Cookie Cookbook\Cookie Cookbook.csproj", "{C5C5BE45-CC44-49A1-A3E5-0BC94421FA77}"
EndProject
Global
	GlobalSection(SolutionConfigurationPlatforms) = preSolution
		Debug|Any CPU = Debug|Any CPU
		Release|Any CPU = Release|Any CPU
	EndGlobalSection
	GlobalSection(ProjectConfigurationPlatforms) = postSolution
		{C5C5BE45-CC44-49A1-A3E5-0BC94421FA77}.Debug|Any CPU.ActiveCfg = Debug|Any CPU
		{C5C5BE45-CC44-49A1-A3E5-0BC94421FA77}.Debug|Any CPU.Build.0 = Debug|Any CPU
		{C5C5BE45-CC44-49A1-A3E5-0BC94421FA77}.Release|Any CPU.ActiveCfg = Release|Any CPU
		{C5C5BE45-CC44-49A1-A3E5-0BC94421FA77}.Release|Any CPU.Build.0 = Release|Any CPU
	EndGlobalSection
	GlobalSection(SolutionProperties) = preSolution
		HideSolutionNode = FALSE
	EndGlobalSection
	GlobalSection(ExtensibilityGlobals) = postSolution
		SolutionGuid = {16E6728B-09BD-460F-9F5D-371F499DE89C}
	EndGlobalSection
EndGlobal
